{
  "object": {
    "pins": [
      {
        "package": "IBDecodable",
        "repositoryURL": "https://github.com/lt-aoyama/IBDecodable.git",
        "state": {
          "branch": null,
          "revision": "3f2c88c957a3e524cbc6945d2391d3d4f2e6286d",
          "version": "0.6.1"
        }
      },
      {
        "package": "SourceKitten",
        "repositoryURL": "https://github.com/jpsim/SourceKitten.git",
        "state": {
          "branch": null,
          "revision": "fbd6bbcddffa97dca4b8a6b5d5a8246a430be9c7",
          "version": "0.36.0"
        }
      },
      {
        "package": "swift-argument-parser",
        "repositoryURL": "https://github.com/apple/swift-argument-parser.git",
        "state": {
          "branch": null,
          "revision": "46989693916f56d1186bd59ac15124caef896560",
          "version": "1.3.1"
        }
      },
      {
        "package": "SWXMLHash",
        "repositoryURL": "https://github.com/drmohundro/SWXMLHash.git",
        "state": {
          "branch": null,
          "revision": "a853604c9e9a83ad9954c7e3d2a565273982471f",
          "version": "7.0.2"
        }
      },
      {
        "package": "XcodeProjKit",
        "repositoryURL": "https://github.com/phimage/XcodeProjKit.git",
        "state": {
          "branch": null,
          "revision": "680db38d06462f9242a789d529a3e2a75c882365",
          "version": "2.3.0"
        }
      },
      {
        "package": "Yams",
        "repositoryURL": "https://github.com/jpsim/Yams.git",
        "state": {
          "branch": null,
          "revision": "3036ba9d69cf1fd04d433527bc339dc0dc75433d",
          "version": "5.1.3"
        }
      }
    ]
  },
  "version": 1
}
